
Microsoft Visual Studio Solution File, Format Version 12.00
# Visual Studio Version 17
VisualStudioVersion = 17.3.32929.385
MinimumVisualStudioVersion = 10.0.40219.1
Project("{FAE04EC0-301F-11D3-BF4B-00C04F79EFBC}") = "Namu Darbas", "Namu Darbas\Namu Darbas.csproj", "{292534DB-AFA8-4439-8752-DA3BFCF0FCD1}"
EndProject
Global
	GlobalSection(SolutionConfigurationPlatforms) = preSolution
		Debug|Any CPU = Debug|Any CPU
		Release|Any CPU = Release|Any CPU
	EndGlobalSection
	GlobalSection(ProjectConfigurationPlatforms) = postSolution
		{292534DB-AFA8-4439-8752-DA3BFCF0FCD1}.Debug|Any CPU.ActiveCfg = Debug|Any CPU
		{292534DB-AFA8-4439-8752-DA3BFCF0FCD1}.Debug|Any CPU.Build.0 = Debug|Any CPU
		{292534DB-AFA8-4439-8752-DA3BFCF0FCD1}.Release|Any CPU.ActiveCfg = Release|Any CPU
		{292534DB-AFA8-4439-8752-DA3BFCF0FCD1}.Release|Any CPU.Build.0 = Release|Any CPU
	EndGlobalSection
	GlobalSection(SolutionProperties) = preSolution
		HideSolutionNode = FALSE
	EndGlobalSection
	GlobalSection(ExtensibilityGlobals) = postSolution
		SolutionGuid = {C370ED8A-52E7-48A3-9BBC-742E6CC5A348}
	EndGlobalSection
EndGlobal
